// !$*UTF8*$!
{
	archiveVersion = 1;
	classes = {
	};
	objectVersion = 56;
	objects = {

/* Begin PBXBuildFile section */
		6C19503B293F94470030923C /* CartTableViewCell.swift in Sources */ = {isa = PBXBuildFile; fileRef = 6C195039293F94470030923C /* CartTableViewCell.swift */; };
		6C19503C293F94470030923C /* CartTableViewCell.xib in Resources */ = {isa = PBXBuildFile; fileRef = 6C19503A293F94470030923C /* CartTableViewCell.xib */; };
		6C195042293FA6AB0030923C /* CartAddViewController.swift in Sources */ = {isa = PBXBuildFile; fileRef = 6C195041293FA6AB0030923C /* CartAddViewController.swift */; };
		6C2C61DE293B9DF40099B6BF /* SDWebImage in Frameworks */ = {isa = PBXBuildFile; productRef = 6C2C61DD293B9DF40099B6BF /* SDWebImage */; };
		6C2C61E0293B9DF40099B6BF /* SDWebImageMapKit in Frameworks */ = {isa = PBXBuildFile; productRef = 6C2C61DF293B9DF40099B6BF /* SDWebImageMapKit */; };
		6C30E6D1293B360D00EE6DB2 /* ProgressHUD.swift in Sources */ = {isa = PBXBuildFile; fileRef = 6C30E6D0293B360D00EE6DB2 /* ProgressHUD.swift */; };
		6C30E6D5293B551400EE6DB2 /* Utility.swift in Sources */ = {isa = PBXBuildFile; fileRef = 6C30E6D4293B551400EE6DB2 /* Utility.swift */; };
		6C4EE0E2293745F300F59103 /* AppDelegate.swift in Sources */ = {isa = PBXBuildFile; fileRef = 6C4EE0E1293745F300F59103 /* AppDelegate.swift */; };
		6C4EE0E4293745F300F59103 /* SceneDelegate.swift in Sources */ = {isa = PBXBuildFile; fileRef = 6C4EE0E3293745F300F59103 /* SceneDelegate.swift */; };
		6C4EE0E6293745F300F59103 /* ViewController.swift in Sources */ = {isa = PBXBuildFile; fileRef = 6C4EE0E5293745F300F59103 /* ViewController.swift */; };
		6C4EE0E9293745F300F59103 /* Main.storyboard in Resources */ = {isa = PBXBuildFile; fileRef = 6C4EE0E7293745F300F59103 /* Main.storyboard */; };
		6C4EE0EB293745F500F59103 /* Assets.xcassets in Resources */ = {isa = PBXBuildFile; fileRef = 6C4EE0EA293745F500F59103 /* Assets.xcassets */; };
		6C4EE0EE293745F500F59103 /* LaunchScreen.storyboard in Resources */ = {isa = PBXBuildFile; fileRef = 6C4EE0EC293745F500F59103 /* LaunchScreen.storyboard */; };
		6C4EE0FF293749D400F59103 /* ProductModel.swift in Sources */ = {isa = PBXBuildFile; fileRef = 6C4EE0FE293749D400F59103 /* ProductModel.swift */; };
		6C4EE102293759CD00F59103 /* ProductTableViewCell.swift in Sources */ = {isa = PBXBuildFile; fileRef = 6C4EE100293759CD00F59103 /* ProductTableViewCell.swift */; };
		6C4EE103293759CD00F59103 /* ProductTableViewCell.xib in Resources */ = {isa = PBXBuildFile; fileRef = 6C4EE101293759CD00F59103 /* ProductTableViewCell.xib */; };
		6C54CAFD2939C8D00082D0BA /* ProductListViewController.swift in Sources */ = {isa = PBXBuildFile; fileRef = 6C54CAFC2939C8D00082D0BA /* ProductListViewController.swift */; };
		6C8C1BA92944907B004DE6BB /* SignInModel.swift in Sources */ = {isa = PBXBuildFile; fileRef = 6C8C1BA82944907B004DE6BB /* SignInModel.swift */; };
		6CC652BC2937CC8A0044660C /* ProductsDetailsViewController.swift in Sources */ = {isa = PBXBuildFile; fileRef = 6CC652BB2937CC8A0044660C /* ProductsDetailsViewController.swift */; };
		6CE94B572948E4D3004D78ED /* UIAlertController + Extension.swift in Sources */ = {isa = PBXBuildFile; fileRef = 6CE94B552948E4D3004D78ED /* UIAlertController + Extension.swift */; };
		6CE94B582948E4D3004D78ED /* String + Extension.swift in Sources */ = {isa = PBXBuildFile; fileRef = 6CE94B562948E4D3004D78ED /* String + Extension.swift */; };
/* End PBXBuildFile section */

/* Begin PBXFileReference section */
		6C195039293F94470030923C /* CartTableViewCell.swift */ = {isa = PBXFileReference; lastKnownFileType = sourcecode.swift; path = CartTableViewCell.swift; sourceTree = "<group>"; };
		6C19503A293F94470030923C /* CartTableViewCell.xib */ = {isa = PBXFileReference; lastKnownFileType = file.xib; path = CartTableViewCell.xib; sourceTree = "<group>"; };
		6C195041293FA6AB0030923C /* CartAddViewController.swift */ = {isa = PBXFileReference; lastKnownFileType = sourcecode.swift; path = CartAddViewController.swift; sourceTree = "<group>"; };
		6C30E6D0293B360D00EE6DB2 /* ProgressHUD.swift */ = {isa = PBXFileReference; fileEncoding = 4; lastKnownFileType = sourcecode.swift; path = ProgressHUD.swift; sourceTree = "<group>"; };
		6C30E6D4293B551400EE6DB2 /* Utility.swift */ = {isa = PBXFileReference; lastKnownFileType = sourcecode.swift; path = Utility.swift; sourceTree = "<group>"; };
		6C4EE0DE293745F300F59103 /* FakestoreApiEcommerce.app */ = {isa = PBXFileReference; explicitFileType = wrapper.application; includeInIndex = 0; path = FakestoreApiEcommerce.app; sourceTree = BUILT_PRODUCTS_DIR; };
		6C4EE0E1293745F300F59103 /* AppDelegate.swift */ = {isa = PBXFileReference; lastKnownFileType = sourcecode.swift; path = AppDelegate.swift; sourceTree = "<group>"; };
		6C4EE0E3293745F300F59103 /* SceneDelegate.swift */ = {isa = PBXFileReference; lastKnownFileType = sourcecode.swift; path = SceneDelegate.swift; sourceTree = "<group>"; };
		6C4EE0E5293745F300F59103 /* ViewController.swift */ = {isa = PBXFileReference; lastKnownFileType = sourcecode.swift; path = ViewController.swift; sourceTree = "<group>"; };
		6C4EE0E8293745F300F59103 /* Base */ = {isa = PBXFileReference; lastKnownFileType = file.storyboard; name = Base; path = Base.lproj/Main.storyboard; sourceTree = "<group>"; };
		6C4EE0EA293745F500F59103 /* Assets.xcassets */ = {isa = PBXFileReference; lastKnownFileType = folder.assetcatalog; path = Assets.xcassets; sourceTree = "<group>"; };
		6C4EE0ED293745F500F59103 /* Base */ = {isa = PBXFileReference; lastKnownFileType = file.storyboard; name = Base; path = Base.lproj/LaunchScreen.storyboard; sourceTree = "<group>"; };
		6C4EE0EF293745F500F59103 /* Info.plist */ = {isa = PBXFileReference; lastKnownFileType = text.plist.xml; path = Info.plist; sourceTree = "<group>"; };
		6C4EE0FE293749D400F59103 /* ProductModel.swift */ = {isa = PBXFileReference; lastKnownFileType = sourcecode.swift; path = ProductModel.swift; sourceTree = "<group>"; };
		6C4EE100293759CD00F59103 /* ProductTableViewCell.swift */ = {isa = PBXFileReference; lastKnownFileType = sourcecode.swift; path = ProductTableViewCell.swift; sourceTree = "<group>"; };
		6C4EE101293759CD00F59103 /* ProductTableViewCell.xib */ = {isa = PBXFileReference; lastKnownFileType = file.xib; path = ProductTableViewCell.xib; sourceTree = "<group>"; };
		6C54CAFC2939C8D00082D0BA /* ProductListViewController.swift */ = {isa = PBXFileReference; lastKnownFileType = sourcecode.swift; path = ProductListViewController.swift; sourceTree = "<group>"; };
		6C8C1BA82944907B004DE6BB /* SignInModel.swift */ = {isa = PBXFileReference; lastKnownFileType = sourcecode.swift; path = SignInModel.swift; sourceTree = "<group>"; };
		6CC652BB2937CC8A0044660C /* ProductsDetailsViewController.swift */ = {isa = PBXFileReference; lastKnownFileType = sourcecode.swift; path = ProductsDetailsViewController.swift; sourceTree = "<group>"; };
		6CE94B552948E4D3004D78ED /* UIAlertController + Extension.swift */ = {isa = PBXFileReference; fileEncoding = 4; lastKnownFileType = sourcecode.swift; path = "UIAlertController + Extension.swift"; sourceTree = "<group>"; };
		6CE94B562948E4D3004D78ED /* String + Extension.swift */ = {isa = PBXFileReference; fileEncoding = 4; lastKnownFileType = sourcecode.swift; path = "String + Extension.swift"; sourceTree = "<group>"; };
/* End PBXFileReference section */

/* Begin PBXFrameworksBuildPhase section */
		6C4EE0DB293745F300F59103 /* Frameworks */ = {
			isa = PBXFrameworksBuildPhase;
			buildActionMask = 2147483647;
			files = (
				6C2C61E0293B9DF40099B6BF /* SDWebImageMapKit in Frameworks */,
				6C2C61DE293B9DF40099B6BF /* SDWebImage in Frameworks */,
			);
			runOnlyForDeploymentPostprocessing = 0;
		};
/* End PBXFrameworksBuildPhase section */

/* Begin PBXGroup section */
		6C195038293F93ED0030923C /* CartView */ = {
			isa = PBXGroup;
			children = (
				6C195039293F94470030923C /* CartTableViewCell.swift */,
				6C19503A293F94470030923C /* CartTableViewCell.xib */,
			);
			path = CartView;
			sourceTree = "<group>";
		};
		6C19503D293F945D0030923C /* ProductView */ = {
			isa = PBXGroup;
			children = (
				6C4EE100293759CD00F59103 /* ProductTableViewCell.swift */,
				6C4EE101293759CD00F59103 /* ProductTableViewCell.xib */,
			);
			path = ProductView;
			sourceTree = "<group>";
		};
		6C19503E293F955C0030923C /* ProductCartList */ = {
			isa = PBXGroup;
			children = (
				6C195041293FA6AB0030923C /* CartAddViewController.swift */,
			);
			path = ProductCartList;
			sourceTree = "<group>";
		};
		6C30E6CF293B360D00EE6DB2 /* Library */ = {
			isa = PBXGroup;
			children = (
				6C30E6D0293B360D00EE6DB2 /* ProgressHUD.swift */,
			);
			path = Library;
			sourceTree = "<group>";
		};
		6C30E6D3293B530600EE6DB2 /* Utility */ = {
			isa = PBXGroup;
			children = (
				6C30E6D4293B551400EE6DB2 /* Utility.swift */,
			);
			path = Utility;
			sourceTree = "<group>";
		};
		6C4EE0D5293745F300F59103 = {
			isa = PBXGroup;
			children = (
				6C4EE0E0293745F300F59103 /* FakestoreApiEcommerce */,
				6C4EE0DF293745F300F59103 /* Products */,
			);
			sourceTree = "<group>";
		};
		6C4EE0DF293745F300F59103 /* Products */ = {
			isa = PBXGroup;
			children = (
				6C4EE0DE293745F300F59103 /* FakestoreApiEcommerce.app */,
			);
			name = Products;
			sourceTree = "<group>";
		};
		6C4EE0E0293745F300F59103 /* FakestoreApiEcommerce */ = {
			isa = PBXGroup;
			children = (
				6C4EE0F52937460000F59103 /* System */,
				6CE94B542948E4D3004D78ED /* Extension */,
				6C30E6D3293B530600EE6DB2 /* Utility */,
				6C30E6CF293B360D00EE6DB2 /* Library */,
				6C4EE0F62937460C00F59103 /* Model */,
				6C4EE0F82937462E00F59103 /* Cells */,
				6C4EE0F72937461600F59103 /* Controller */,
				6C4EE0EA293745F500F59103 /* Assets.xcassets */,
				6C4EE0EC293745F500F59103 /* LaunchScreen.storyboard */,
				6C4EE0EF293745F500F59103 /* Info.plist */,
			);
			path = FakestoreApiEcommerce;
			sourceTree = "<group>";
		};
		6C4EE0F52937460000F59103 /* System */ = {
			isa = PBXGroup;
			children = (
				6C4EE0E1293745F300F59103 /* AppDelegate.swift */,
				6C4EE0E3293745F300F59103 /* SceneDelegate.swift */,
			);
			path = System;
			sourceTree = "<group>";
		};
		6C4EE0F62937460C00F59103 /* Model */ = {
			isa = PBXGroup;
			children = (
				6C4EE0FE293749D400F59103 /* ProductModel.swift */,
				6C8C1BA82944907B004DE6BB /* SignInModel.swift */,
			);
			path = Model;
			sourceTree = "<group>";
		};
		6C4EE0F72937461600F59103 /* Controller */ = {
			isa = PBXGroup;
			children = (
				6CC652BD2937CCA00044660C /* Home */,
				6C19503E293F955C0030923C /* ProductCartList */,
				6C54CAFE2939C91D0082D0BA /* ProductList */,
				6C54CAFF2939C9270082D0BA /* ProductDetails */,
			);
			path = Controller;
			sourceTree = "<group>";
		};
		6C4EE0F82937462E00F59103 /* Cells */ = {
			isa = PBXGroup;
			children = (
				6C19503D293F945D0030923C /* ProductView */,
				6C195038293F93ED0030923C /* CartView */,
			);
			path = Cells;
			sourceTree = "<group>";
		};
		6C54CAFE2939C91D0082D0BA /* ProductList */ = {
			isa = PBXGroup;
			children = (
				6C54CAFC2939C8D00082D0BA /* ProductListViewController.swift */,
			);
			path = ProductList;
			sourceTree = "<group>";
		};
		6C54CAFF2939C9270082D0BA /* ProductDetails */ = {
			isa = PBXGroup;
			children = (
				6CC652BB2937CC8A0044660C /* ProductsDetailsViewController.swift */,
			);
			path = ProductDetails;
			sourceTree = "<group>";
		};
		6CC652BD2937CCA00044660C /* Home */ = {
			isa = PBXGroup;
			children = (
				6C4EE0E5293745F300F59103 /* ViewController.swift */,
				6C4EE0E7293745F300F59103 /* Main.storyboard */,
			);
			path = Home;
			sourceTree = "<group>";
		};
		6CE94B542948E4D3004D78ED /* Extension */ = {
			isa = PBXGroup;
			children = (
				6CE94B552948E4D3004D78ED /* UIAlertController + Extension.swift */,
				6CE94B562948E4D3004D78ED /* String + Extension.swift */,
			);
			name = Extension;
			path = "../../../iOS All/API/LogIn&SignUp/LogIn&SignUp/Extension";
			sourceTree = "<group>";
		};
/* End PBXGroup section */

/* Begin PBXNativeTarget section */
		6C4EE0DD293745F300F59103 /* FakestoreApiEcommerce */ = {
			isa = PBXNativeTarget;
			buildConfigurationList = 6C4EE0F2293745F500F59103 /* Build configuration list for PBXNativeTarget "FakestoreApiEcommerce" */;
			buildPhases = (
				6C4EE0DA293745F300F59103 /* Sources */,
				6C4EE0DB293745F300F59103 /* Frameworks */,
				6C4EE0DC293745F300F59103 /* Resources */,
			);
			buildRules = (
			);
			dependencies = (
			);
			name = FakestoreApiEcommerce;
			packageProductDependencies = (
				6C2C61DD293B9DF40099B6BF /* SDWebImage */,
				6C2C61DF293B9DF40099B6BF /* SDWebImageMapKit */,
			);
			productName = FakestoreApiEcommerce;
			productReference = 6C4EE0DE293745F300F59103 /* FakestoreApiEcommerce.app */;
			productType = "com.apple.product-type.application";
		};
/* End PBXNativeTarget section */

/* Begin PBXProject section */
		6C4EE0D6293745F300F59103 /* Project object */ = {
			isa = PBXProject;
			attributes = {
				BuildIndependentTargetsInParallel = 1;
				LastSwiftUpdateCheck = 1410;
				LastUpgradeCheck = 1410;
				TargetAttributes = {
					6C4EE0DD293745F300F59103 = {
						CreatedOnToolsVersion = 14.1;
					};
				};
			};
			buildConfigurationList = 6C4EE0D9293745F300F59103 /* Build configuration list for PBXProject "FakestoreApiEcommerce" */;
			compatibilityVersion = "Xcode 14.0";
			developmentRegion = en;
			hasScannedForEncodings = 0;
			knownRegions = (
				en,
				Base,
			);
			mainGroup = 6C4EE0D5293745F300F59103;
			packageReferences = (
				6C2C61DC293B9DF40099B6BF /* XCRemoteSwiftPackageReference "SDWebImage" */,
			);
			productRefGroup = 6C4EE0DF293745F300F59103 /* Products */;
			projectDirPath = "";
			projectRoot = "";
			targets = (
				6C4EE0DD293745F300F59103 /* FakestoreApiEcommerce */,
			);
		};
/* End PBXProject section */

/* Begin PBXResourcesBuildPhase section */
		6C4EE0DC293745F300F59103 /* Resources */ = {
			isa = PBXResourcesBuildPhase;
			buildActionMask = 2147483647;
			files = (
				6C19503C293F94470030923C /* CartTableViewCell.xib in Resources */,
				6C4EE0EE293745F500F59103 /* LaunchScreen.storyboard in Resources */,
				6C4EE103293759CD00F59103 /* ProductTableViewCell.xib in Resources */,
				6C4EE0EB293745F500F59103 /* Assets.xcassets in Resources */,
				6C4EE0E9293745F300F59103 /* Main.storyboard in Resources */,
			);
			runOnlyForDeploymentPostprocessing = 0;
		};
/* End PBXResourcesBuildPhase section */

/* Begin PBXSourcesBuildPhase section */
		6C4EE0DA293745F300F59103 /* Sources */ = {
			isa = PBXSourcesBuildPhase;
			buildActionMask = 2147483647;
			files = (
				6C4EE0E6293745F300F59103 /* ViewController.swift in Sources */,
				6C4EE0FF293749D400F59103 /* ProductModel.swift in Sources */,
				6CE94B582948E4D3004D78ED /* String + Extension.swift in Sources */,
				6C30E6D5293B551400EE6DB2 /* Utility.swift in Sources */,
				6C8C1BA92944907B004DE6BB /* SignInModel.swift in Sources */,
				6C19503B293F94470030923C /* CartTableViewCell.swift in Sources */,
				6C30E6D1293B360D00EE6DB2 /* ProgressHUD.swift in Sources */,
				6C54CAFD2939C8D00082D0BA /* ProductListViewController.swift in Sources */,
				6C4EE102293759CD00F59103 /* ProductTableViewCell.swift in Sources */,
				6C4EE0E2293745F300F59103 /* AppDelegate.swift in Sources */,
				6C4EE0E4293745F300F59103 /* SceneDelegate.swift in Sources */,
				6CE94B572948E4D3004D78ED /* UIAlertController + Extension.swift in Sources */,
				6CC652BC2937CC8A0044660C /* ProductsDetailsViewController.swift in Sources */,
				6C195042293FA6AB0030923C /* CartAddViewController.swift in Sources */,
			);
			runOnlyForDeploymentPostprocessing = 0;
		};
/* End PBXSourcesBuildPhase section */

/* Begin PBXVariantGroup section */
		6C4EE0E7293745F300F59103 /* Main.storyboard */ = {
			isa = PBXVariantGroup;
			children = (
				6C4EE0E8293745F300F59103 /* Base */,
			);
			name = Main.storyboard;
			sourceTree = "<group>";
		};
		6C4EE0EC293745F500F59103 /* LaunchScreen.storyboard */ = {
			isa = PBXVariantGroup;
			children = (
				6C4EE0ED293745F500F59103 /* Base */,
			);
			name = LaunchScreen.storyboard;
			sourceTree = "<group>";
		};
/* End PBXVariantGroup section */

/* Begin XCBuildConfiguration section */
		6C4EE0F0293745F500F59103 /* Debug */ = {
			isa = XCBuildConfiguration;
			buildSettings = {
				ALWAYS_SEARCH_USER_PATHS = NO;
				CLANG_ANALYZER_NONNULL = YES;
				CLANG_ANALYZER_NUMBER_OBJECT_CONVERSION = YES_AGGRESSIVE;
				CLANG_CXX_LANGUAGE_STANDARD = "gnu++20";
				CLANG_ENABLE_MODULES = YES;
				CLANG_ENABLE_OBJC_ARC = YES;
				CLANG_ENABLE_OBJC_WEAK = YES;
				CLANG_WARN_BLOCK_CAPTURE_AUTORELEASING = YES;
				CLANG_WARN_BOOL_CONVERSION = YES;
				CLANG_WARN_COMMA = YES;
				CLANG_WARN_CONSTANT_CONVERSION = YES;
				CLANG_WARN_DEPRECATED_OBJC_IMPLEMENTATIONS = YES;
				CLANG_WARN_DIRECT_OBJC_ISA_USAGE = YES_ERROR;
				CLANG_WARN_DOCUMENTATION_COMMENTS = YES;
				CLANG_WARN_EMPTY_BODY = YES;
				CLANG_WARN_ENUM_CONVERSION = YES;
				CLANG_WARN_INFINITE_RECURSION = YES;
				CLANG_WARN_INT_CONVERSION = YES;
				CLANG_WARN_NON_LITERAL_NULL_CONVERSION = YES;
				CLANG_WARN_OBJC_IMPLICIT_RETAIN_SELF = YES;
				CLANG_WARN_OBJC_LITERAL_CONVERSION = YES;
				CLANG_WARN_OBJC_ROOT_CLASS = YES_ERROR;
				CLANG_WARN_QUOTED_INCLUDE_IN_FRAMEWORK_HEADER = YES;
				CLANG_WARN_RANGE_LOOP_ANALYSIS = YES;
				CLANG_WARN_STRICT_PROTOTYPES = YES;
				CLANG_WARN_SUSPICIOUS_MOVE = YES;
				CLANG_WARN_UNGUARDED_AVAILABILITY = YES_AGGRESSIVE;
				CLANG_WARN_UNREACHABLE_CODE = YES;
				CLANG_WARN__DUPLICATE_METHOD_MATCH = YES;
				COPY_PHASE_STRIP = NO;
				DEBUG_INFORMATION_FORMAT = dwarf;
				ENABLE_STRICT_OBJC_MSGSEND = YES;
				ENABLE_TESTABILITY = YES;
				GCC_C_LANGUAGE_STANDARD = gnu11;
				GCC_DYNAMIC_NO_PIC = NO;
				GCC_NO_COMMON_BLOCKS = YES;
				GCC_OPTIMIZATION_LEVEL = 0;
				GCC_PREPROCESSOR_DEFINITIONS = (
					"DEBUG=1",
					"$(inherited)",
				);
				GCC_WARN_64_TO_32_BIT_CONVERSION = YES;
				GCC_WARN_ABOUT_RETURN_TYPE = YES_ERROR;
				GCC_WARN_UNDECLARED_SELECTOR = YES;
				GCC_WARN_UNINITIALIZED_AUTOS = YES_AGGRESSIVE;
				GCC_WARN_UNUSED_FUNCTION = YES;
				GCC_WARN_UNUSED_VARIABLE = YES;
				IPHONEOS_DEPLOYMENT_TARGET = 15.1;
				MTL_ENABLE_DEBUG_INFO = INCLUDE_SOURCE;
				MTL_FAST_MATH = YES;
				ONLY_ACTIVE_ARCH = YES;
				SDKROOT = iphoneos;
				SWIFT_ACTIVE_COMPILATION_CONDITIONS = DEBUG;
				SWIFT_OPTIMIZATION_LEVEL = "-Onone";
			};
			name = Debug;
		};
		6C4EE0F1293745F500F59103 /* Release */ = {
			isa = XCBuildConfiguration;
			buildSettings = {
				ALWAYS_SEARCH_USER_PATHS = NO;
				CLANG_ANALYZER_NONNULL = YES;
				CLANG_ANALYZER_NUMBER_OBJECT_CONVERSION = YES_AGGRESSIVE;
				CLANG_CXX_LANGUAGE_STANDARD = "gnu++20";
				CLANG_ENABLE_MODULES = YES;
				CLANG_ENABLE_OBJC_ARC = YES;
				CLANG_ENABLE_OBJC_WEAK = YES;
				CLANG_WARN_BLOCK_CAPTURE_AUTORELEASING = YES;
				CLANG_WARN_BOOL_CONVERSION = YES;
				CLANG_WARN_COMMA = YES;
				CLANG_WARN_CONSTANT_CONVERSION = YES;
				CLANG_WARN_DEPRECATED_OBJC_IMPLEMENTATIONS = YES;
				CLANG_WARN_DIRECT_OBJC_ISA_USAGE = YES_ERROR;
				CLANG_WARN_DOCUMENTATION_COMMENTS = YES;
				CLANG_WARN_EMPTY_BODY = YES;
				CLANG_WARN_ENUM_CONVERSION = YES;
				CLANG_WARN_INFINITE_RECURSION = YES;
				CLANG_WARN_INT_CONVERSION = YES;
				CLANG_WARN_NON_LITERAL_NULL_CONVERSION = YES;
				CLANG_WARN_OBJC_IMPLICIT_RETAIN_SELF = YES;
				CLANG_WARN_OBJC_LITERAL_CONVERSION = YES;
				CLANG_WARN_OBJC_ROOT_CLASS = YES_ERROR;
				CLANG_WARN_QUOTED_INCLUDE_IN_FRAMEWORK_HEADER = YES;
				CLANG_WARN_RANGE_LOOP_ANALYSIS = YES;
				CLANG_WARN_STRICT_PROTOTYPES = YES;
				CLANG_WARN_SUSPICIOUS_MOVE = YES;
				CLANG_WARN_UNGUARDED_AVAILABILITY = YES_AGGRESSIVE;
				CLANG_WARN_UNREACHABLE_CODE = YES;
				CLANG_WARN__DUPLICATE_METHOD_MATCH = YES;
				COPY_PHASE_STRIP = NO;
				DEBUG_INFORMATION_FORMAT = "dwarf-with-dsym";
				ENABLE_NS_ASSERTIONS = NO;
				ENABLE_STRICT_OBJC_MSGSEND = YES;
				GCC_C_LANGUAGE_STANDARD = gnu11;
				GCC_NO_COMMON_BLOCKS = YES;
				GCC_WARN_64_TO_32_BIT_CONVERSION = YES;
				GCC_WARN_ABOUT_RETURN_TYPE = YES_ERROR;
				GCC_WARN_UNDECLARED_SELECTOR = YES;
				GCC_WARN_UNINITIALIZED_AUTOS = YES_AGGRESSIVE;
				GCC_WARN_UNUSED_FUNCTION = YES;
				GCC_WARN_UNUSED_VARIABLE = YES;
				IPHONEOS_DEPLOYMENT_TARGET = 15.1;
				MTL_ENABLE_DEBUG_INFO = NO;
				MTL_FAST_MATH = YES;
				SDKROOT = iphoneos;
				SWIFT_COMPILATION_MODE = wholemodule;
				SWIFT_OPTIMIZATION_LEVEL = "-O";
				VALIDATE_PRODUCT = YES;
			};
			name = Release;
		};
		6C4EE0F3293745F500F59103 /* Debug */ = {
			isa = XCBuildConfiguration;
			buildSettings = {
				ASSETCATALOG_COMPILER_APPICON_NAME = AppIcon;
				ASSETCATALOG_COMPILER_GLOBAL_ACCENT_COLOR_NAME = AccentColor;
				CODE_SIGN_STYLE = Automatic;
				CURRENT_PROJECT_VERSION = 1;
				DEVELOPMENT_TEAM = 88MNYF3498;
				GENERATE_INFOPLIST_FILE = YES;
				INFOPLIST_FILE = FakestoreApiEcommerce/Info.plist;
				INFOPLIST_KEY_UIApplicationSupportsIndirectInputEvents = YES;
				INFOPLIST_KEY_UILaunchStoryboardName = LaunchScreen;
				INFOPLIST_KEY_UIMainStoryboardFile = Main;
				INFOPLIST_KEY_UISupportedInterfaceOrientations_iPad = "UIInterfaceOrientationPortrait UIInterfaceOrientationPortraitUpsideDown UIInterfaceOrientationLandscapeLeft UIInterfaceOrientationLandscapeRight";
				INFOPLIST_KEY_UISupportedInterfaceOrientations_iPhone = "UIInterfaceOrientationPortrait UIInterfaceOrientationLandscapeLeft UIInterfaceOrientationLandscapeRight";
				IPHONEOS_DEPLOYMENT_TARGET = 16.1;
				LD_RUNPATH_SEARCH_PATHS = (
					"$(inherited)",
					"@executable_path/Frameworks",
				);
				MARKETING_VERSION = 1.0;
				PRODUCT_BUNDLE_IDENTIFIER = kashem.com.FakestoreApiEcommerce;
				PRODUCT_NAME = "$(TARGET_NAME)";
				SWIFT_EMIT_LOC_STRINGS = YES;
				SWIFT_VERSION = 5.0;
				TARGETED_DEVICE_FAMILY = "1,2";
			};
			name = Debug;
		};
		6C4EE0F4293745F500F59103 /* Release */ = {
			isa = XCBuildConfiguration;
			buildSettings = {
				ASSETCATALOG_COMPILER_APPICON_NAME = AppIcon;
				ASSETCATALOG_COMPILER_GLOBAL_ACCENT_COLOR_NAME = AccentColor;
				CODE_SIGN_STYLE = Automatic;
				CURRENT_PROJECT_VERSION = 1;
				DEVELOPMENT_TEAM = 88MNYF3498;
				GENERATE_INFOPLIST_FILE = YES;
				INFOPLIST_FILE = FakestoreApiEcommerce/Info.plist;
				INFOPLIST_KEY_UIApplicationSupportsIndirectInputEvents = YES;
				INFOPLIST_KEY_UILaunchStoryboardName = LaunchScreen;
				INFOPLIST_KEY_UIMainStoryboardFile = Main;
				INFOPLIST_KEY_UISupportedInterfaceOrientations_iPad = "UIInterfaceOrientationPortrait UIInterfaceOrientationPortraitUpsideDown UIInterfaceOrientationLandscapeLeft UIInterfaceOrientationLandscapeRight";
				INFOPLIST_KEY_UISupportedInterfaceOrientations_iPhone = "UIInterfaceOrientationPortrait UIInterfaceOrientationLandscapeLeft UIInterfaceOrientationLandscapeRight";
				IPHONEOS_DEPLOYMENT_TARGET = 16.1;
				LD_RUNPATH_SEARCH_PATHS = (
					"$(inherited)",
					"@executable_path/Frameworks",
				);
				MARKETING_VERSION = 1.0;
				PRODUCT_BUNDLE_IDENTIFIER = kashem.com.FakestoreApiEcommerce;
				PRODUCT_NAME = "$(TARGET_NAME)";
				SWIFT_EMIT_LOC_STRINGS = YES;
				SWIFT_VERSION = 5.0;
				TARGETED_DEVICE_FAMILY = "1,2";
			};
			name = Release;
		};
/* End XCBuildConfiguration section */

/* Begin XCConfigurationList section */
		6C4EE0D9293745F300F59103 /* Build configuration list for PBXProject "FakestoreApiEcommerce" */ = {
			isa = XCConfigurationList;
			buildConfigurations = (
				6C4EE0F0293745F500F59103 /* Debug */,
				6C4EE0F1293745F500F59103 /* Release */,
			);
			defaultConfigurationIsVisible = 0;
			defaultConfigurationName = Release;
		};
		6C4EE0F2293745F500F59103 /* Build configuration list for PBXNativeTarget "FakestoreApiEcommerce" */ = {
			isa = XCConfigurationList;
			buildConfigurations = (
				6C4EE0F3293745F500F59103 /* Debug */,
				6C4EE0F4293745F500F59103 /* Release */,
			);
			defaultConfigurationIsVisible = 0;
			defaultConfigurationName = Release;
		};
/* End XCConfigurationList section */

/* Begin XCRemoteSwiftPackageReference section */
		6C2C61DC293B9DF40099B6BF /* XCRemoteSwiftPackageReference "SDWebImage" */ = {
			isa = XCRemoteSwiftPackageReference;
			repositoryURL = "https://github.com/SDWebImage/SDWebImage.git";
			requirement = {
				branch = master;
				kind = branch;
			};
		};
/* End XCRemoteSwiftPackageReference section */

/* Begin XCSwiftPackageProductDependency section */
		6C2C61DD293B9DF40099B6BF /* SDWebImage */ = {
			isa = XCSwiftPackageProductDependency;
			package = 6C2C61DC293B9DF40099B6BF /* XCRemoteSwiftPackageReference "SDWebImage" */;
			productName = SDWebImage;
		};
		6C2C61DF293B9DF40099B6BF /* SDWebImageMapKit */ = {
			isa = XCSwiftPackageProductDependency;
			package = 6C2C61DC293B9DF40099B6BF /* XCRemoteSwiftPackageReference "SDWebImage" */;
			productName = SDWebImageMapKit;
		};
/* End XCSwiftPackageProductDependency section */
	};
	rootObject = 6C4EE0D6293745F300F59103 /* Project object */;
}
